<?xml version="1.0" encoding="utf-8"?>
<Project ToolsVersion="4.0" xmlns="http://schemas.microsoft.com/developer/msbuild/2003">
  <ItemGroup>
    <Filter Include="Source Files">
      <UniqueIdentifier>{4FC737F1-C7A5-4376-A066-2A32D752A2FF}</UniqueIdentifier>
      <Extensions>qml;cpp;c;cc;cxx;def;odl;idl;hpj;bat;asm;asmx</Extensions>
    </Filter>
    <Filter Include="Header Files">
      <UniqueIdentifier>{93995380-89BD-4b04-88EB-625FBE52EBFB}</UniqueIdentifier>
      <Extensions>h;hh;hpp;hxx;hm;inl;inc;xsd</Extensions>
    </Filter>
    <Filter Include="Resource Files">
      <UniqueIdentifier>{67DA6AB6-F800-4c08-8B7A-83BB121AAD01}</UniqueIdentifier>
      <Extensions>qrc;rc;ico;cur;bmp;dlg;rc2;rct;bin;rgs;gif;jpg;jpeg;jpe;resx;tiff;tif;png;wav;mfcribbon-ms</Extensions>
    </Filter>
    <Filter Include="Form Files">
      <UniqueIdentifier>{99349809-55BA-4b9d-BF79-8FDBB0286EB3}</UniqueIdentifier>
      <Extensions>ui</Extensions>
    </Filter>
    <Filter Include="Translation Files">
      <UniqueIdentifier>{639EADAA-A684-42e4-A9AD-28FC9BCB8F7C}</UniqueIdentifier>
      <Extensions>ts</Extensions>
    </Filter>
    <Filter Include="Source Files\log">
      <UniqueIdentifier>{f70ce809-5823-467c-8c61-25876a2d6c9b}</UniqueIdentifier>
    </Filter>
    <Filter Include="Header Files\log">
      <UniqueIdentifier>{9c1459a5-7458-435e-9ff9-169ee0c80913}</UniqueIdentifier>
    </Filter>
    <Filter Include="Source Files\ngts">
      <UniqueIdentifier>{4e746182-129a-44e7-87d0-db9842d3754a}</UniqueIdentifier>
    </Filter>
    <Filter Include="Header Files\ngts">
      <UniqueIdentifier>{9ba57123-02e8-498b-8941-2f017ddaa1a9}</UniqueIdentifier>
    </Filter>
  </ItemGroup>
  <ItemGroup>
    <QtMoc Include="..\..\otchet\calendar.h">
      <Filter>Header Files</Filter>
    </QtMoc>
    <QtMoc Include="..\..\otchet\mainwindow.h">
      <Filter>Header Files</Filter>
    </QtMoc>
    <QtMoc Include="..\..\otchet\parser.h">
      <Filter>Header Files</Filter>
    </QtMoc>
    <QtMoc Include="..\..\otchet\pdf_creator.h">
      <Filter>Header Files</Filter>
    </QtMoc>
    <QtMoc Include="..\..\otchet\log\logw.h">
      <Filter>Header Files\log</Filter>
    </QtMoc>
    <QtMoc Include="..\..\otchet\log\logmodel.h">
      <Filter>Header Files\log</Filter>
    </QtMoc>
    <QtMoc Include="..\..\otchet\log\contexmenuwidget.h">
      <Filter>Header Files\log</Filter>
    </QtMoc>
    <QtMoc Include="..\..\otchet\log\azdklogger.h">
      <Filter>Header Files\log</Filter>
    </QtMoc>
    <QtMoc Include="..\..\otchet\ngts\filepathedit.h">
      <Filter>Header Files\ngts</Filter>
    </QtMoc>
  </ItemGroup>
  <ItemGroup>
    <ClCompile Include="..\..\otchet\calendar.cpp">
      <Filter>Source Files</Filter>
    </ClCompile>
    <ClCompile Include="..\..\otchet\main.cpp">
      <Filter>Source Files</Filter>
    </ClCompile>
    <ClCompile Include="..\..\otchet\mainwindow.cpp">
      <Filter>Source Files</Filter>
    </ClCompile>
    <ClCompile Include="..\..\otchet\parser.cpp">
      <Filter>Source Files</Filter>
    </ClCompile>
    <ClCompile Include="..\..\otchet\pdf_creator.cpp">
      <Filter>Source Files</Filter>
    </ClCompile>
    <ClCompile Include="..\..\otchet\azdk.cpp">
      <Filter>Source Files\log</Filter>
    </ClCompile>
    <ClCompile Include="..\..\otchet\log\azdklogger.cpp">
      <Filter>Source Files\log</Filter>
    </ClCompile>
    <ClCompile Include="..\..\otchet\log\contexmenuwidget.cpp">
      <Filter>Source Files\log</Filter>
    </ClCompile>
    <ClCompile Include="..\..\otchet\log\logmodel.cpp">
      <Filter>Source Files\log</Filter>
    </ClCompile>
    <ClCompile Include="..\..\otchet\log\logw.cpp">
      <Filter>Source Files\log</Filter>
    </ClCompile>
    <ClCompile Include="..\..\otchet\filepathedit.cpp">
      <Filter>Source Files\ngts</Filter>
    </ClCompile>
  </ItemGroup>
  <ItemGroup>
    <Image Include="..\..\otchet\icon.ico">
      <Filter>Resource Files</Filter>
    </Image>
    <Image Include="icon1.ico">
      <Filter>Resource Files</Filter>
    </Image>
    <Image Include="..\..\otchet\error.png">
      <Filter>Resource Files</Filter>
    </Image>
  </ItemGroup>
  <ItemGroup>
    <QtRcc Include="..\..\otchet\resource.qrc">
      <Filter>Resource Files</Filter>
    </QtRcc>
  </ItemGroup>
  <ItemGroup>
    <QtUic Include="..\..\otchet\form.ui">
      <Filter>Form Files</Filter>
    </QtUic>
    <QtUic Include="..\..\otchet\mainwindow3.ui">
      <Filter>Form Files</Filter>
    </QtUic>
  </ItemGroup>
  <ItemGroup>
    <ClInclude Include="..\..\otchet\azdk.h">
      <Filter>Header Files\log</Filter>
    </ClInclude>
    <ClInclude Include="resource.h">
      <Filter>Header Files</Filter>
    </ClInclude>
  </ItemGroup>
  <ItemGroup>
    <ResourceCompile Include="AzdkPdfReport.rc">
      <Filter>Resource Files</Filter>
    </ResourceCompile>
  </ItemGroup>
</Project>